{
    "name": "stripe-elements",
    "version": "0.1.0",
    "lockfileVersion": 1,
    "requires": true,
    "dependencies": {
        "@types/stripe-checkout": {
            "version": "1.0.3",
            "resolved": "https://registry.npmjs.org/@types/stripe-checkout/-/stripe-checkout-1.0.3.tgz",
            "integrity": "sha512-7JIyo1ou6w6+ee2SETytZocTvYgtGkivv5NVQ53xKv8WbVIYYhNPWwVzg56E47E4S4O55L1UywRR4FC+XgXPWA==",
            "dev": true,
            "requires": {
                "@types/stripe-v3": "*"
            }
        },
        "@types/stripe-v3": {
            "version": "3.1.17",
            "resolved": "https://registry.npmjs.org/@types/stripe-v3/-/stripe-v3-3.1.17.tgz",
            "integrity": "sha512-ZnADc7cgvrnRpz9lkENMgMhBWYR6ybz/745WYPlKZZXzU05ZaADRRtafPfZDTpQhALLpX/KYKmWN/j9GmbIg4g==",
            "dev": true
        },
        "bootstrap": {
            "version": "4.4.1",
            "resolved": "https://registry.npmjs.org/bootstrap/-/bootstrap-4.4.1.tgz",
            "integrity": "sha512-tbx5cHubwE6e2ZG7nqM3g/FZ5PQEDMWmMGNrCUBVRPHXTJaH7CBDdsLeu3eCh3B1tzAxTnAbtmrzvWEvT2NNEA==",
            "dev": true
        }
    }
}
